
Microsoft Visual Studio Solution File, Format Version 12.00
Project("{FAE04EC0-301F-11D3-BF4B-00C04F79EFBC}") = "TestGenerator", "TestGenerator\TestGenerator.csproj", "{433FB080-D0B4-4B55-B3FE-A3E474A4F8E2}"
EndProject
Project("{FAE04EC0-301F-11D3-BF4B-00C04F79EFBC}") = "TestGeneratorLib", "TestGeneratorLib\TestGeneratorLib.csproj", "{750F8337-98D4-4C8A-BF2C-0877C2E3DD58}"
EndProject
Project("{FAE04EC0-301F-11D3-BF4B-00C04F79EFBC}") = "TestProject1", "TestProject1\TestProject1.csproj", "{9C973170-A84F-45CA-8D6F-D73BEF6E056B}"
EndProject
Global
	GlobalSection(SolutionConfigurationPlatforms) = preSolution
		Debug|Any CPU = Debug|Any CPU
		Release|Any CPU = Release|Any CPU
	EndGlobalSection
	GlobalSection(ProjectConfigurationPlatforms) = postSolution
		{433FB080-D0B4-4B55-B3FE-A3E474A4F8E2}.Debug|Any CPU.ActiveCfg = Debug|Any CPU
		{433FB080-D0B4-4B55-B3FE-A3E474A4F8E2}.Debug|Any CPU.Build.0 = Debug|Any CPU
		{433FB080-D0B4-4B55-B3FE-A3E474A4F8E2}.Release|Any CPU.ActiveCfg = Release|Any CPU
		{433FB080-D0B4-4B55-B3FE-A3E474A4F8E2}.Release|Any CPU.Build.0 = Release|Any CPU
		{750F8337-98D4-4C8A-BF2C-0877C2E3DD58}.Debug|Any CPU.ActiveCfg = Debug|Any CPU
		{750F8337-98D4-4C8A-BF2C-0877C2E3DD58}.Debug|Any CPU.Build.0 = Debug|Any CPU
		{750F8337-98D4-4C8A-BF2C-0877C2E3DD58}.Release|Any CPU.ActiveCfg = Release|Any CPU
		{750F8337-98D4-4C8A-BF2C-0877C2E3DD58}.Release|Any CPU.Build.0 = Release|Any CPU
		{9C973170-A84F-45CA-8D6F-D73BEF6E056B}.Debug|Any CPU.ActiveCfg = Debug|Any CPU
		{9C973170-A84F-45CA-8D6F-D73BEF6E056B}.Debug|Any CPU.Build.0 = Debug|Any CPU
		{9C973170-A84F-45CA-8D6F-D73BEF6E056B}.Release|Any CPU.ActiveCfg = Release|Any CPU
		{9C973170-A84F-45CA-8D6F-D73BEF6E056B}.Release|Any CPU.Build.0 = Release|Any CPU
	EndGlobalSection
EndGlobal
